
Microsoft Visual Studio Solution File, Format Version 12.00
# Visual Studio Version 16
VisualStudioVersion = 16.0.31410.357
MinimumVisualStudioVersion = 10.0.40219.1
Project("{D954291E-2A0B-460D-934E-DC6B0785DB48}") = "POSUNO.Shared", "POSUNO\POSUNO.Shared\POSUNO.Shared.shproj", "{6279C845-92F8-4333-AB99-3D213163593C}"
EndProject
Project("{2150E333-8FDC-42A3-9474-1A3956D46DE8}") = "Platforms", "Platforms", "{044E209D-0617-48CA-AC11-BC3DB52C68D1}"
EndProject
Project("{FAE04EC0-301F-11D3-BF4B-00C04F79EFBC}") = "POSUNO.Droid", "POSUNO\POSUNO.Droid\POSUNO.Droid.csproj", "{CD16AB31-B668-4700-9F6C-EBDC7CDF8328}"
EndProject
Project("{FAE04EC0-301F-11D3-BF4B-00C04F79EFBC}") = "POSUNO.iOS", "POSUNO\POSUNO.iOS\POSUNO.iOS.csproj", "{53AA6D26-B220-43D2-9D39-4BBD37547E9B}"
EndProject
Project("{FAE04EC0-301F-11D3-BF4B-00C04F79EFBC}") = "POSUNO.UWP", "POSUNO\POSUNO.UWP\POSUNO.UWP.csproj", "{004C84F1-1705-4F18-AAF7-F9FB225689F6}"
EndProject
Project("{9A19103F-16F7-4668-BE54-9A1E7A4F7556}") = "POSUNO.Wasm", "POSUNO\POSUNO.Wasm\POSUNO.Wasm.csproj", "{1FA6AB85-639F-46C2-82BB-93E7D490187C}"
EndProject
Project("{FAE04EC0-301F-11D3-BF4B-00C04F79EFBC}") = "POSUNO.macOS", "POSUNO\POSUNO.macOS\POSUNO.macOS.csproj", "{4833A7EC-8965-4930-B8F5-40EBE7C65CD0}"
EndProject
Project("{9A19103F-16F7-4668-BE54-9A1E7A4F7556}") = "POSUNO.Skia.Wpf.Host", "POSUNO\POSUNO.Skia.Wpf.Host\POSUNO.Skia.Wpf.Host.csproj", "{632F27CC-96BA-4F29-8B4B-543BDE647E44}"
EndProject
Project("{9A19103F-16F7-4668-BE54-9A1E7A4F7556}") = "POSUNO.Skia.Wpf", "POSUNO\POSUNO.Skia.Wpf\POSUNO.Skia.Wpf.csproj", "{880ED8EA-D7C4-4111-A3D2-51709CB8CBAF}"
EndProject
Project("{9A19103F-16F7-4668-BE54-9A1E7A4F7556}") = "POSUNO.Skia.Gtk", "POSUNO\POSUNO.Skia.Gtk\POSUNO.Skia.Gtk.csproj", "{A16A9F72-5EE7-4354-94A9-A8010146348C}"
EndProject
Project("{FAE04EC0-301F-11D3-BF4B-00C04F79EFBC}") = "POSUNO.API", "POSUNO.API\POSUNO.API.csproj", "{7FC2A807-282F-4B2E-A8CE-C3F3433F802D}"
EndProject
Global
	GlobalSection(SharedMSBuildProjectFiles) = preSolution
		POSUNO\POSUNO.Shared\POSUNO.Shared.projitems*{004c84f1-1705-4f18-aaf7-f9fb225689f6}*SharedItemsImports = 4
		POSUNO\POSUNO.Shared\POSUNO.Shared.projitems*{1fa6ab85-639f-46c2-82bb-93e7d490187c}*SharedItemsImports = 5
		POSUNO\POSUNO.Shared\POSUNO.Shared.projitems*{4833a7ec-8965-4930-b8f5-40ebe7c65cd0}*SharedItemsImports = 4
		POSUNO\POSUNO.Shared\POSUNO.Shared.projitems*{53aa6d26-b220-43d2-9d39-4bbd37547e9b}*SharedItemsImports = 4
		POSUNO\POSUNO.Shared\POSUNO.Shared.projitems*{6279c845-92f8-4333-ab99-3d213163593c}*SharedItemsImports = 13
		POSUNO\POSUNO.Shared\POSUNO.Shared.projitems*{880ed8ea-d7c4-4111-a3d2-51709cb8cbaf}*SharedItemsImports = 5
		POSUNO\POSUNO.Shared\POSUNO.Shared.projitems*{a16a9f72-5ee7-4354-94a9-a8010146348c}*SharedItemsImports = 5
		POSUNO\POSUNO.Shared\POSUNO.Shared.projitems*{cd16ab31-b668-4700-9f6c-ebdc7cdf8328}*SharedItemsImports = 4
	EndGlobalSection
	GlobalSection(SolutionConfigurationPlatforms) = preSolution
		Ad-Hoc|Any CPU = Ad-Hoc|Any CPU
		Ad-Hoc|ARM = Ad-Hoc|ARM
		Ad-Hoc|ARM64 = Ad-Hoc|ARM64
		Ad-Hoc|iPhone = Ad-Hoc|iPhone
		Ad-Hoc|iPhoneSimulator = Ad-Hoc|iPhoneSimulator
		Ad-Hoc|x64 = Ad-Hoc|x64
		Ad-Hoc|x86 = Ad-Hoc|x86
		AppStore|Any CPU = AppStore|Any CPU
		AppStore|ARM = AppStore|ARM
		AppStore|ARM64 = AppStore|ARM64
		AppStore|iPhone = AppStore|iPhone
		AppStore|iPhoneSimulator = AppStore|iPhoneSimulator
		AppStore|x64 = AppStore|x64
		AppStore|x86 = AppStore|x86
		Debug|Any CPU = Debug|Any CPU
		Debug|ARM = Debug|ARM
		Debug|ARM64 = Debug|ARM64
		Debug|iPhone = Debug|iPhone
		Debug|iPhoneSimulator = Debug|iPhoneSimulator
		Debug|x64 = Debug|x64
		Debug|x86 = Debug|x86
		Release|Any CPU = Release|Any CPU
		Release|ARM = Release|ARM
		Release|ARM64 = Release|ARM64
		Release|iPhone = Release|iPhone
		Release|iPhoneSimulator = Release|iPhoneSimulator
		Release|x64 = Release|x64
		Release|x86 = Release|x86
	EndGlobalSection
	GlobalSection(ProjectConfigurationPlatforms) = postSolution
		{CD16AB31-B668-4700-9F6C-EBDC7CDF8328}.Ad-Hoc|Any CPU.ActiveCfg = Debug|Any CPU
		{CD16AB31-B668-4700-9F6C-EBDC7CDF8328}.Ad-Hoc|Any CPU.Build.0 = Debug|Any CPU
		{CD16AB31-B668-4700-9F6C-EBDC7CDF8328}.Ad-Hoc|Any CPU.Deploy.0 = Debug|Any CPU
		{CD16AB31-B668-4700-9F6C-EBDC7CDF8328}.Ad-Hoc|ARM.ActiveCfg = Debug|Any CPU
		{CD16AB31-B668-4700-9F6C-EBDC7CDF8328}.Ad-Hoc|ARM.Build.0 = Debug|Any CPU
		{CD16AB31-B668-4700-9F6C-EBDC7CDF8328}.Ad-Hoc|ARM.Deploy.0 = Debug|Any CPU
		{CD16AB31-B668-4700-9F6C-EBDC7CDF8328}.Ad-Hoc|ARM64.ActiveCfg = Debug|Any CPU
		{CD16AB31-B668-4700-9F6C-EBDC7CDF8328}.Ad-Hoc|ARM64.Build.0 = Debug|Any CPU
		{CD16AB31-B668-4700-9F6C-EBDC7CDF8328}.Ad-Hoc|ARM64.Deploy.0 = Debug|Any CPU
		{CD16AB31-B668-4700-9F6C-EBDC7CDF8328}.Ad-Hoc|iPhone.ActiveCfg = Debug|Any CPU
		{CD16AB31-B668-4700-9F6C-EBDC7CDF8328}.Ad-Hoc|iPhone.Build.0 = Debug|Any CPU
		{CD16AB31-B668-4700-9F6C-EBDC7CDF8328}.Ad-Hoc|iPhone.Deploy.0 = Debug|Any CPU
		{CD16AB31-B668-4700-9F6C-EBDC7CDF8328}.Ad-Hoc|iPhoneSimulator.ActiveCfg = Debug|Any CPU
		{CD16AB31-B668-4700-9F6C-EBDC7CDF8328}.Ad-Hoc|iPhoneSimulator.Build.0 = Debug|Any CPU
		{CD16AB31-B668-4700-9F6C-EBDC7CDF8328}.Ad-Hoc|iPhoneSimulator.Deploy.0 = Debug|Any CPU
		{CD16AB31-B668-4700-9F6C-EBDC7CDF8328}.Ad-Hoc|x64.ActiveCfg = Debug|Any CPU
		{CD16AB31-B668-4700-9F6C-EBDC7CDF8328}.Ad-Hoc|x64.Build.0 = Debug|Any CPU
		{CD16AB31-B668-4700-9F6C-EBDC7CDF8328}.Ad-Hoc|x64.Deploy.0 = Debug|Any CPU
		{CD16AB31-B668-4700-9F6C-EBDC7CDF8328}.Ad-Hoc|x86.ActiveCfg = Debug|Any CPU
		{CD16AB31-B668-4700-9F6C-EBDC7CDF8328}.Ad-Hoc|x86.Build.0 = Debug|Any CPU
		{CD16AB31-B668-4700-9F6C-EBDC7CDF8328}.Ad-Hoc|x86.Deploy.0 = Debug|Any CPU
		{CD16AB31-B668-4700-9F6C-EBDC7CDF8328}.AppStore|Any CPU.ActiveCfg = Debug|Any CPU
		{CD16AB31-B668-4700-9F6C-EBDC7CDF8328}.AppStore|Any CPU.Build.0 = Debug|Any CPU
		{CD16AB31-B668-4700-9F6C-EBDC7CDF8328}.AppStore|Any CPU.Deploy.0 = Debug|Any CPU
		{CD16AB31-B668-4700-9F6C-EBDC7CDF8328}.AppStore|ARM.ActiveCfg = Debug|Any CPU
		{CD16AB31-B668-4700-9F6C-EBDC7CDF8328}.AppStore|ARM.Build.0 = Debug|Any CPU
		{CD16AB31-B668-4700-9F6C-EBDC7CDF8328}.AppStore|ARM.Deploy.0 = Debug|Any CPU
		{CD16AB31-B668-4700-9F6C-EBDC7CDF8328}.AppStore|ARM64.ActiveCfg = Debug|Any CPU
		{CD16AB31-B668-4700-9F6C-EBDC7CDF8328}.AppStore|ARM64.Build.0 = Debug|Any CPU
		{CD16AB31-B668-4700-9F6C-EBDC7CDF8328}.AppStore|ARM64.Deploy.0 = Debug|Any CPU
		{CD16AB31-B668-4700-9F6C-EBDC7CDF8328}.AppStore|iPhone.ActiveCfg = Debug|Any CPU
		{CD16AB31-B668-4700-9F6C-EBDC7CDF8328}.AppStore|iPhone.Build.0 = Debug|Any CPU
		{CD16AB31-B668-4700-9F6C-EBDC7CDF8328}.AppStore|iPhone.Deploy.0 = Debug|Any CPU
		{CD16AB31-B668-4700-9F6C-EBDC7CDF8328}.AppStore|iPhoneSimulator.ActiveCfg = Debug|Any CPU
		{CD16AB31-B668-4700-9F6C-EBDC7CDF8328}.AppStore|iPhoneSimulator.Build.0 = Debug|Any CPU
		{CD16AB31-B668-4700-9F6C-EBDC7CDF8328}.AppStore|iPhoneSimulator.Deploy.0 = Debug|Any CPU
		{CD16AB31-B668-4700-9F6C-EBDC7CDF8328}.AppStore|x64.ActiveCfg = Debug|Any CPU
		{CD16AB31-B668-4700-9F6C-EBDC7CDF8328}.AppStore|x64.Build.0 = Debug|Any CPU
		{CD16AB31-B668-4700-9F6C-EBDC7CDF8328}.AppStore|x64.Deploy.0 = Debug|Any CPU
		{CD16AB31-B668-4700-9F6C-EBDC7CDF8328}.AppStore|x86.ActiveCfg = Debug|Any CPU
		{CD16AB31-B668-4700-9F6C-EBDC7CDF8328}.AppStore|x86.Build.0 = Debug|Any CPU
		{CD16AB31-B668-4700-9F6C-EBDC7CDF8328}.AppStore|x86.Deploy.0 = Debug|Any CPU
		{CD16AB31-B668-4700-9F6C-EBDC7CDF8328}.Debug|Any CPU.ActiveCfg = Debug|Any CPU
		{CD16AB31-B668-4700-9F6C-EBDC7CDF8328}.Debug|Any CPU.Build.0 = Debug|Any CPU
		{CD16AB31-B668-4700-9F6C-EBDC7CDF8328}.Debug|Any CPU.Deploy.0 = Debug|Any CPU
		{CD16AB31-B668-4700-9F6C-EBDC7CDF8328}.Debug|ARM.ActiveCfg = Debug|Any CPU
		{CD16AB31-B668-4700-9F6C-EBDC7CDF8328}.Debug|ARM.Build.0 = Debug|Any CPU
		{CD16AB31-B668-4700-9F6C-EBDC7CDF8328}.Debug|ARM.Deploy.0 = Debug|Any CPU
		{CD16AB31-B668-4700-9F6C-EBDC7CDF8328}.Debug|ARM64.ActiveCfg = Debug|Any CPU
		{CD16AB31-B668-4700-9F6C-EBDC7CDF8328}.Debug|ARM64.Build.0 = Debug|Any CPU
		{CD16AB31-B668-4700-9F6C-EBDC7CDF8328}.Debug|ARM64.Deploy.0 = Debug|Any CPU
		{CD16AB31-B668-4700-9F6C-EBDC7CDF8328}.Debug|iPhone.ActiveCfg = Debug|Any CPU
		{CD16AB31-B668-4700-9F6C-EBDC7CDF8328}.Debug|iPhone.Build.0 = Debug|Any CPU
		{CD16AB31-B668-4700-9F6C-EBDC7CDF8328}.Debug|iPhone.Deploy.0 = Debug|Any CPU
		{CD16AB31-B668-4700-9F6C-EBDC7CDF8328}.Debug|iPhoneSimulator.ActiveCfg = Debug|Any CPU
		{CD16AB31-B668-4700-9F6C-EBDC7CDF8328}.Debug|iPhoneSimulator.Build.0 = Debug|Any CPU
		{CD16AB31-B668-4700-9F6C-EBDC7CDF8328}.Debug|iPhoneSimulator.Deploy.0 = Debug|Any CPU
		{CD16AB31-B668-4700-9F6C-EBDC7CDF8328}.Debug|x64.ActiveCfg = Debug|Any CPU
		{CD16AB31-B668-4700-9F6C-EBDC7CDF8328}.Debug|x64.Build.0 = Debug|Any CPU
		{CD16AB31-B668-4700-9F6C-EBDC7CDF8328}.Debug|x64.Deploy.0 = Debug|Any CPU
		{CD16AB31-B668-4700-9F6C-EBDC7CDF8328}.Debug|x86.ActiveCfg = Debug|Any CPU
		{CD16AB31-B668-4700-9F6C-EBDC7CDF8328}.Debug|x86.Build.0 = Debug|Any CPU
		{CD16AB31-B668-4700-9F6C-EBDC7CDF8328}.Debug|x86.Deploy.0 = Debug|Any CPU
		{CD16AB31-B668-4700-9F6C-EBDC7CDF8328}.Release|Any CPU.ActiveCfg = Release|Any CPU
		{CD16AB31-B668-4700-9F6C-EBDC7CDF8328}.Release|Any CPU.Build.0 = Release|Any CPU
		{CD16AB31-B668-4700-9F6C-EBDC7CDF8328}.Release|Any CPU.Deploy.0 = Release|Any CPU
		{CD16AB31-B668-4700-9F6C-EBDC7CDF8328}.Release|ARM.ActiveCfg = Release|Any CPU
		{CD16AB31-B668-4700-9F6C-EBDC7CDF8328}.Release|ARM.Build.0 = Release|Any CPU
		{CD16AB31-B668-4700-9F6C-EBDC7CDF8328}.Release|ARM.Deploy.0 = Release|Any CPU
		{CD16AB31-B668-4700-9F6C-EBDC7CDF8328}.Release|ARM64.ActiveCfg = Release|Any CPU
		{CD16AB31-B668-4700-9F6C-EBDC7CDF8328}.Release|ARM64.Build.0 = Release|Any CPU
		{CD16AB31-B668-4700-9F6C-EBDC7CDF8328}.Release|ARM64.Deploy.0 = Release|Any CPU
		{CD16AB31-B668-4700-9F6C-EBDC7CDF8328}.Release|iPhone.ActiveCfg = Release|Any CPU
		{CD16AB31-B668-4700-9F6C-EBDC7CDF8328}.Release|iPhone.Build.0 = Release|Any CPU
		{CD16AB31-B668-4700-9F6C-EBDC7CDF8328}.Release|iPhone.Deploy.0 = Release|Any CPU
		{CD16AB31-B668-4700-9F6C-EBDC7CDF8328}.Release|iPhoneSimulator.ActiveCfg = Release|Any CPU
		{CD16AB31-B668-4700-9F6C-EBDC7CDF8328}.Release|iPhoneSimulator.Build.0 = Release|Any CPU
		{CD16AB31-B668-4700-9F6C-EBDC7CDF8328}.Release|iPhoneSimulator.Deploy.0 = Release|Any CPU
		{CD16AB31-B668-4700-9F6C-EBDC7CDF8328}.Release|x64.ActiveCfg = Release|Any CPU
		{CD16AB31-B668-4700-9F6C-EBDC7CDF8328}.Release|x64.Build.0 = Release|Any CPU
		{CD16AB31-B668-4700-9F6C-EBDC7CDF8328}.Release|x64.Deploy.0 = Release|Any CPU
		{CD16AB31-B668-4700-9F6C-EBDC7CDF8328}.Release|x86.ActiveCfg = Release|Any CPU
		{CD16AB31-B668-4700-9F6C-EBDC7CDF8328}.Release|x86.Build.0 = Release|Any CPU
		{CD16AB31-B668-4700-9F6C-EBDC7CDF8328}.Release|x86.Deploy.0 = Release|Any CPU
		{53AA6D26-B220-43D2-9D39-4BBD37547E9B}.Ad-Hoc|Any CPU.ActiveCfg = Ad-Hoc|iPhoneSimulator
		{53AA6D26-B220-43D2-9D39-4BBD37547E9B}.Ad-Hoc|ARM.ActiveCfg = Ad-Hoc|iPhoneSimulator
		{53AA6D26-B220-43D2-9D39-4BBD37547E9B}.Ad-Hoc|ARM64.ActiveCfg = Ad-Hoc|iPhoneSimulator
		{53AA6D26-B220-43D2-9D39-4BBD37547E9B}.Ad-Hoc|iPhone.ActiveCfg = Ad-Hoc|iPhone
		{53AA6D26-B220-43D2-9D39-4BBD37547E9B}.Ad-Hoc|iPhone.Build.0 = Ad-Hoc|iPhone
		{53AA6D26-B220-43D2-9D39-4BBD37547E9B}.Ad-Hoc|iPhoneSimulator.ActiveCfg = Ad-Hoc|iPhoneSimulator
		{53AA6D26-B220-43D2-9D39-4BBD37547E9B}.Ad-Hoc|iPhoneSimulator.Build.0 = Ad-Hoc|iPhoneSimulator
		{53AA6D26-B220-43D2-9D39-4BBD37547E9B}.Ad-Hoc|x64.ActiveCfg = Ad-Hoc|iPhoneSimulator
		{53AA6D26-B220-43D2-9D39-4BBD37547E9B}.Ad-Hoc|x86.ActiveCfg = Ad-Hoc|iPhoneSimulator
		{53AA6D26-B220-43D2-9D39-4BBD37547E9B}.AppStore|Any CPU.ActiveCfg = AppStore|iPhoneSimulator
		{53AA6D26-B220-43D2-9D39-4BBD37547E9B}.AppStore|ARM.ActiveCfg = AppStore|iPhoneSimulator
		{53AA6D26-B220-43D2-9D39-4BBD37547E9B}.AppStore|ARM64.ActiveCfg = AppStore|iPhoneSimulator
		{53AA6D26-B220-43D2-9D39-4BBD37547E9B}.AppStore|iPhone.ActiveCfg = AppStore|iPhone
		{53AA6D26-B220-43D2-9D39-4BBD37547E9B}.AppStore|iPhone.Build.0 = AppStore|iPhone
		{53AA6D26-B220-43D2-9D39-4BBD37547E9B}.AppStore|iPhoneSimulator.ActiveCfg = AppStore|iPhoneSimulator
		{53AA6D26-B220-43D2-9D39-4BBD37547E9B}.AppStore|iPhoneSimulator.Build.0 = AppStore|iPhoneSimulator
		{53AA6D26-B220-43D2-9D39-4BBD37547E9B}.AppStore|x64.ActiveCfg = AppStore|iPhoneSimulator
		{53AA6D26-B220-43D2-9D39-4BBD37547E9B}.AppStore|x86.ActiveCfg = AppStore|iPhoneSimulator
		{53AA6D26-B220-43D2-9D39-4BBD37547E9B}.Debug|Any CPU.ActiveCfg = Debug|iPhoneSimulator
		{53AA6D26-B220-43D2-9D39-4BBD37547E9B}.Debug|ARM.ActiveCfg = Debug|iPhoneSimulator
		{53AA6D26-B220-43D2-9D39-4BBD37547E9B}.Debug|ARM64.ActiveCfg = Debug|iPhoneSimulator
		{53AA6D26-B220-43D2-9D39-4BBD37547E9B}.Debug|iPhone.ActiveCfg = Debug|iPhone
		{53AA6D26-B220-43D2-9D39-4BBD37547E9B}.Debug|iPhone.Build.0 = Debug|iPhone
		{53AA6D26-B220-43D2-9D39-4BBD37547E9B}.Debug|iPhoneSimulator.ActiveCfg = Debug|iPhoneSimulator
		{53AA6D26-B220-43D2-9D39-4BBD37547E9B}.Debug|iPhoneSimulator.Build.0 = Debug|iPhoneSimulator
		{53AA6D26-B220-43D2-9D39-4BBD37547E9B}.Debug|x64.ActiveCfg = Debug|iPhoneSimulator
		{53AA6D26-B220-43D2-9D39-4BBD37547E9B}.Debug|x86.ActiveCfg = Debug|iPhoneSimulator
		{53AA6D26-B220-43D2-9D39-4BBD37547E9B}.Release|Any CPU.ActiveCfg = Release|iPhoneSimulator
		{53AA6D26-B220-43D2-9D39-4BBD37547E9B}.Release|ARM.ActiveCfg = Release|iPhoneSimulator
		{53AA6D26-B220-43D2-9D39-4BBD37547E9B}.Release|ARM64.ActiveCfg = Release|iPhoneSimulator
		{53AA6D26-B220-43D2-9D39-4BBD37547E9B}.Release|iPhone.ActiveCfg = Release|iPhone
		{53AA6D26-B220-43D2-9D39-4BBD37547E9B}.Release|iPhone.Build.0 = Release|iPhone
		{53AA6D26-B220-43D2-9D39-4BBD37547E9B}.Release|iPhoneSimulator.ActiveCfg = Release|iPhoneSimulator
		{53AA6D26-B220-43D2-9D39-4BBD37547E9B}.Release|iPhoneSimulator.Build.0 = Release|iPhoneSimulator
		{53AA6D26-B220-43D2-9D39-4BBD37547E9B}.Release|x64.ActiveCfg = Release|iPhoneSimulator
		{53AA6D26-B220-43D2-9D39-4BBD37547E9B}.Release|x86.ActiveCfg = Release|iPhoneSimulator
		{004C84F1-1705-4F18-AAF7-F9FB225689F6}.Ad-Hoc|Any CPU.ActiveCfg = Debug|x86
		{004C84F1-1705-4F18-AAF7-F9FB225689F6}.Ad-Hoc|Any CPU.Build.0 = Debug|x86
		{004C84F1-1705-4F18-AAF7-F9FB225689F6}.Ad-Hoc|Any CPU.Deploy.0 = Debug|x86
		{004C84F1-1705-4F18-AAF7-F9FB225689F6}.Ad-Hoc|ARM.ActiveCfg = Debug|ARM
		{004C84F1-1705-4F18-AAF7-F9FB225689F6}.Ad-Hoc|ARM.Build.0 = Debug|ARM
		{004C84F1-1705-4F18-AAF7-F9FB225689F6}.Ad-Hoc|ARM.Deploy.0 = Debug|ARM
		{004C84F1-1705-4F18-AAF7-F9FB225689F6}.Ad-Hoc|ARM64.ActiveCfg = Debug|ARM64
		{004C84F1-1705-4F18-AAF7-F9FB225689F6}.Ad-Hoc|ARM64.Build.0 = Debug|ARM64
		{004C84F1-1705-4F18-AAF7-F9FB225689F6}.Ad-Hoc|ARM64.Deploy.0 = Debug|ARM64
		{004C84F1-1705-4F18-AAF7-F9FB225689F6}.Ad-Hoc|iPhone.ActiveCfg = Debug|x86
		{004C84F1-1705-4F18-AAF7-F9FB225689F6}.Ad-Hoc|iPhone.Build.0 = Debug|x86
		{004C84F1-1705-4F18-AAF7-F9FB225689F6}.Ad-Hoc|iPhone.Deploy.0 = Debug|x86
		{004C84F1-1705-4F18-AAF7-F9FB225689F6}.Ad-Hoc|iPhoneSimulator.ActiveCfg = Debug|x86
		{004C84F1-1705-4F18-AAF7-F9FB225689F6}.Ad-Hoc|iPhoneSimulator.Build.0 = Debug|x86
		{004C84F1-1705-4F18-AAF7-F9FB225689F6}.Ad-Hoc|iPhoneSimulator.Deploy.0 = Debug|x86
		{004C84F1-1705-4F18-AAF7-F9FB225689F6}.Ad-Hoc|x64.ActiveCfg = Debug|x64
		{004C84F1-1705-4F18-AAF7-F9FB225689F6}.Ad-Hoc|x64.Build.0 = Debug|x64
		{004C84F1-1705-4F18-AAF7-F9FB225689F6}.Ad-Hoc|x64.Deploy.0 = Debug|x64
		{004C84F1-1705-4F18-AAF7-F9FB225689F6}.Ad-Hoc|x86.ActiveCfg = Debug|x86
		{004C84F1-1705-4F18-AAF7-F9FB225689F6}.Ad-Hoc|x86.Build.0 = Debug|x86
		{004C84F1-1705-4F18-AAF7-F9FB225689F6}.Ad-Hoc|x86.Deploy.0 = Debug|x86
		{004C84F1-1705-4F18-AAF7-F9FB225689F6}.AppStore|Any CPU.ActiveCfg = Debug|x86
		{004C84F1-1705-4F18-AAF7-F9FB225689F6}.AppStore|Any CPU.Build.0 = Debug|x86
		{004C84F1-1705-4F18-AAF7-F9FB225689F6}.AppStore|Any CPU.Deploy.0 = Debug|x86
		{004C84F1-1705-4F18-AAF7-F9FB225689F6}.AppStore|ARM.ActiveCfg = Debug|ARM
		{004C84F1-1705-4F18-AAF7-F9FB225689F6}.AppStore|ARM.Build.0 = Debug|ARM
		{004C84F1-1705-4F18-AAF7-F9FB225689F6}.AppStore|ARM.Deploy.0 = Debug|ARM
		{004C84F1-1705-4F18-AAF7-F9FB225689F6}.AppStore|ARM64.ActiveCfg = Debug|ARM64
		{004C84F1-1705-4F18-AAF7-F9FB225689F6}.AppStore|ARM64.Build.0 = Debug|ARM64
		{004C84F1-1705-4F18-AAF7-F9FB225689F6}.AppStore|ARM64.Deploy.0 = Debug|ARM64
		{004C84F1-1705-4F18-AAF7-F9FB225689F6}.AppStore|iPhone.ActiveCfg = Debug|x86
		{004C84F1-1705-4F18-AAF7-F9FB225689F6}.AppStore|iPhone.Build.0 = Debug|x86
		{004C84F1-1705-4F18-AAF7-F9FB225689F6}.AppStore|iPhone.Deploy.0 = Debug|x86
		{004C84F1-1705-4F18-AAF7-F9FB225689F6}.AppStore|iPhoneSimulator.ActiveCfg = Debug|x86
		{004C84F1-1705-4F18-AAF7-F9FB225689F6}.AppStore|iPhoneSimulator.Build.0 = Debug|x86
		{004C84F1-1705-4F18-AAF7-F9FB225689F6}.AppStore|iPhoneSimulator.Deploy.0 = Debug|x86
		{004C84F1-1705-4F18-AAF7-F9FB225689F6}.AppStore|x64.ActiveCfg = Debug|x64
		{004C84F1-1705-4F18-AAF7-F9FB225689F6}.AppStore|x64.Build.0 = Debug|x64
		{004C84F1-1705-4F18-AAF7-F9FB225689F6}.AppStore|x64.Deploy.0 = Debug|x64
		{004C84F1-1705-4F18-AAF7-F9FB225689F6}.AppStore|x86.ActiveCfg = Debug|x86
		{004C84F1-1705-4F18-AAF7-F9FB225689F6}.AppStore|x86.Build.0 = Debug|x86
		{004C84F1-1705-4F18-AAF7-F9FB225689F6}.AppStore|x86.Deploy.0 = Debug|x86
		{004C84F1-1705-4F18-AAF7-F9FB225689F6}.Debug|Any CPU.ActiveCfg = Debug|x86
		{004C84F1-1705-4F18-AAF7-F9FB225689F6}.Debug|Any CPU.Build.0 = Debug|x86
		{004C84F1-1705-4F18-AAF7-F9FB225689F6}.Debug|Any CPU.Deploy.0 = Debug|x86
		{004C84F1-1705-4F18-AAF7-F9FB225689F6}.Debug|ARM.ActiveCfg = Debug|ARM
		{004C84F1-1705-4F18-AAF7-F9FB225689F6}.Debug|ARM.Build.0 = Debug|ARM
		{004C84F1-1705-4F18-AAF7-F9FB225689F6}.Debug|ARM.Deploy.0 = Debug|ARM
		{004C84F1-1705-4F18-AAF7-F9FB225689F6}.Debug|ARM64.ActiveCfg = Debug|ARM64
		{004C84F1-1705-4F18-AAF7-F9FB225689F6}.Debug|ARM64.Build.0 = Debug|ARM64
		{004C84F1-1705-4F18-AAF7-F9FB225689F6}.Debug|ARM64.Deploy.0 = Debug|ARM64
		{004C84F1-1705-4F18-AAF7-F9FB225689F6}.Debug|iPhone.ActiveCfg = Debug|x86
		{004C84F1-1705-4F18-AAF7-F9FB225689F6}.Debug|iPhoneSimulator.ActiveCfg = Debug|x86
		{004C84F1-1705-4F18-AAF7-F9FB225689F6}.Debug|x64.ActiveCfg = Debug|x64
		{004C84F1-1705-4F18-AAF7-F9FB225689F6}.Debug|x64.Build.0 = Debug|x64
		{004C84F1-1705-4F18-AAF7-F9FB225689F6}.Debug|x64.Deploy.0 = Debug|x64
		{004C84F1-1705-4F18-AAF7-F9FB225689F6}.Debug|x86.ActiveCfg = Debug|x86
		{004C84F1-1705-4F18-AAF7-F9FB225689F6}.Debug|x86.Build.0 = Debug|x86
		{004C84F1-1705-4F18-AAF7-F9FB225689F6}.Debug|x86.Deploy.0 = Debug|x86
		{004C84F1-1705-4F18-AAF7-F9FB225689F6}.Release|Any CPU.ActiveCfg = Release|x86
		{004C84F1-1705-4F18-AAF7-F9FB225689F6}.Release|ARM.ActiveCfg = Release|ARM
		{004C84F1-1705-4F18-AAF7-F9FB225689F6}.Release|ARM.Build.0 = Release|ARM
		{004C84F1-1705-4F18-AAF7-F9FB225689F6}.Release|ARM.Deploy.0 = Release|ARM
		{004C84F1-1705-4F18-AAF7-F9FB225689F6}.Release|ARM64.ActiveCfg = Release|ARM64
		{004C84F1-1705-4F18-AAF7-F9FB225689F6}.Release|ARM64.Build.0 = Release|ARM64
		{004C84F1-1705-4F18-AAF7-F9FB225689F6}.Release|ARM64.Deploy.0 = Release|ARM64
		{004C84F1-1705-4F18-AAF7-F9FB225689F6}.Release|iPhone.ActiveCfg = Release|x86
		{004C84F1-1705-4F18-AAF7-F9FB225689F6}.Release|iPhoneSimulator.ActiveCfg = Release|x86
		{004C84F1-1705-4F18-AAF7-F9FB225689F6}.Release|x64.ActiveCfg = Release|x64
		{004C84F1-1705-4F18-AAF7-F9FB225689F6}.Release|x64.Build.0 = Release|x64
		{004C84F1-1705-4F18-AAF7-F9FB225689F6}.Release|x64.Deploy.0 = Release|x64
		{004C84F1-1705-4F18-AAF7-F9FB225689F6}.Release|x86.ActiveCfg = Release|x86
		{004C84F1-1705-4F18-AAF7-F9FB225689F6}.Release|x86.Build.0 = Release|x86
		{004C84F1-1705-4F18-AAF7-F9FB225689F6}.Release|x86.Deploy.0 = Release|x86
		{1FA6AB85-639F-46C2-82BB-93E7D490187C}.Ad-Hoc|Any CPU.ActiveCfg = Debug|Any CPU
		{1FA6AB85-639F-46C2-82BB-93E7D490187C}.Ad-Hoc|Any CPU.Build.0 = Debug|Any CPU
		{1FA6AB85-639F-46C2-82BB-93E7D490187C}.Ad-Hoc|ARM.ActiveCfg = Debug|Any CPU
		{1FA6AB85-639F-46C2-82BB-93E7D490187C}.Ad-Hoc|ARM.Build.0 = Debug|Any CPU
		{1FA6AB85-639F-46C2-82BB-93E7D490187C}.Ad-Hoc|ARM64.ActiveCfg = Debug|Any CPU
		{1FA6AB85-639F-46C2-82BB-93E7D490187C}.Ad-Hoc|ARM64.Build.0 = Debug|Any CPU
		{1FA6AB85-639F-46C2-82BB-93E7D490187C}.Ad-Hoc|iPhone.ActiveCfg = Debug|Any CPU
		{1FA6AB85-639F-46C2-82BB-93E7D490187C}.Ad-Hoc|iPhone.Build.0 = Debug|Any CPU
		{1FA6AB85-639F-46C2-82BB-93E7D490187C}.Ad-Hoc|iPhoneSimulator.ActiveCfg = Debug|Any CPU
		{1FA6AB85-639F-46C2-82BB-93E7D490187C}.Ad-Hoc|iPhoneSimulator.Build.0 = Debug|Any CPU
		{1FA6AB85-639F-46C2-82BB-93E7D490187C}.Ad-Hoc|x64.ActiveCfg = Debug|Any CPU
		{1FA6AB85-639F-46C2-82BB-93E7D490187C}.Ad-Hoc|x64.Build.0 = Debug|Any CPU
		{1FA6AB85-639F-46C2-82BB-93E7D490187C}.Ad-Hoc|x86.ActiveCfg = Debug|Any CPU
		{1FA6AB85-639F-46C2-82BB-93E7D490187C}.Ad-Hoc|x86.Build.0 = Debug|Any CPU
		{1FA6AB85-639F-46C2-82BB-93E7D490187C}.AppStore|Any CPU.ActiveCfg = Debug|Any CPU
		{1FA6AB85-639F-46C2-82BB-93E7D490187C}.AppStore|Any CPU.Build.0 = Debug|Any CPU
		{1FA6AB85-639F-46C2-82BB-93E7D490187C}.AppStore|ARM.ActiveCfg = Debug|Any CPU
		{1FA6AB85-639F-46C2-82BB-93E7D490187C}.AppStore|ARM.Build.0 = Debug|Any CPU
		{1FA6AB85-639F-46C2-82BB-93E7D490187C}.AppStore|ARM64.ActiveCfg = Debug|Any CPU
		{1FA6AB85-639F-46C2-82BB-93E7D490187C}.AppStore|ARM64.Build.0 = Debug|Any CPU
		{1FA6AB85-639F-46C2-82BB-93E7D490187C}.AppStore|iPhone.ActiveCfg = Debug|Any CPU
		{1FA6AB85-639F-46C2-82BB-93E7D490187C}.AppStore|iPhone.Build.0 = Debug|Any CPU
		{1FA6AB85-639F-46C2-82BB-93E7D490187C}.AppStore|iPhoneSimulator.ActiveCfg = Debug|Any CPU
		{1FA6AB85-639F-46C2-82BB-93E7D490187C}.AppStore|iPhoneSimulator.Build.0 = Debug|Any CPU
		{1FA6AB85-639F-46C2-82BB-93E7D490187C}.AppStore|x64.ActiveCfg = Debug|Any CPU
		{1FA6AB85-639F-46C2-82BB-93E7D490187C}.AppStore|x64.Build.0 = Debug|Any CPU
		{1FA6AB85-639F-46C2-82BB-93E7D490187C}.AppStore|x86.ActiveCfg = Debug|Any CPU
		{1FA6AB85-639F-46C2-82BB-93E7D490187C}.AppStore|x86.Build.0 = Debug|Any CPU
		{1FA6AB85-639F-46C2-82BB-93E7D490187C}.Debug|Any CPU.ActiveCfg = Debug|Any CPU
		{1FA6AB85-639F-46C2-82BB-93E7D490187C}.Debug|Any CPU.Build.0 = Debug|Any CPU
		{1FA6AB85-639F-46C2-82BB-93E7D490187C}.Debug|ARM.ActiveCfg = Debug|Any CPU
		{1FA6AB85-639F-46C2-82BB-93E7D490187C}.Debug|ARM.Build.0 = Debug|Any CPU
		{1FA6AB85-639F-46C2-82BB-93E7D490187C}.Debug|ARM64.ActiveCfg = Debug|Any CPU
		{1FA6AB85-639F-46C2-82BB-93E7D490187C}.Debug|ARM64.Build.0 = Debug|Any CPU
		{1FA6AB85-639F-46C2-82BB-93E7D490187C}.Debug|iPhone.ActiveCfg = Debug|Any CPU
		{1FA6AB85-639F-46C2-82BB-93E7D490187C}.Debug|iPhone.Build.0 = Debug|Any CPU
		{1FA6AB85-639F-46C2-82BB-93E7D490187C}.Debug|iPhoneSimulator.ActiveCfg = Debug|Any CPU
		{1FA6AB85-639F-46C2-82BB-93E7D490187C}.Debug|iPhoneSimulator.Build.0 = Debug|Any CPU
		{1FA6AB85-639F-46C2-82BB-93E7D490187C}.Debug|x64.ActiveCfg = Debug|Any CPU
		{1FA6AB85-639F-46C2-82BB-93E7D490187C}.Debug|x64.Build.0 = Debug|Any CPU
		{1FA6AB85-639F-46C2-82BB-93E7D490187C}.Debug|x86.ActiveCfg = Debug|Any CPU
		{1FA6AB85-639F-46C2-82BB-93E7D490187C}.Debug|x86.Build.0 = Debug|Any CPU
		{1FA6AB85-639F-46C2-82BB-93E7D490187C}.Release|Any CPU.ActiveCfg = Release|Any CPU
		{1FA6AB85-639F-46C2-82BB-93E7D490187C}.Release|Any CPU.Build.0 = Release|Any CPU
		{1FA6AB85-639F-46C2-82BB-93E7D490187C}.Release|ARM.ActiveCfg = Release|Any CPU
		{1FA6AB85-639F-46C2-82BB-93E7D490187C}.Release|ARM.Build.0 = Release|Any CPU
		{1FA6AB85-639F-46C2-82BB-93E7D490187C}.Release|ARM64.ActiveCfg = Release|Any CPU
		{1FA6AB85-639F-46C2-82BB-93E7D490187C}.Release|ARM64.Build.0 = Release|Any CPU
		{1FA6AB85-639F-46C2-82BB-93E7D490187C}.Release|iPhone.ActiveCfg = Release|Any CPU
		{1FA6AB85-639F-46C2-82BB-93E7D490187C}.Release|iPhone.Build.0 = Release|Any CPU
		{1FA6AB85-639F-46C2-82BB-93E7D490187C}.Release|iPhoneSimulator.ActiveCfg = Release|Any CPU
		{1FA6AB85-639F-46C2-82BB-93E7D490187C}.Release|iPhoneSimulator.Build.0 = Release|Any CPU
		{1FA6AB85-639F-46C2-82BB-93E7D490187C}.Release|x64.ActiveCfg = Release|Any CPU
		{1FA6AB85-639F-46C2-82BB-93E7D490187C}.Release|x64.Build.0 = Release|Any CPU
		{1FA6AB85-639F-46C2-82BB-93E7D490187C}.Release|x86.ActiveCfg = Release|Any CPU
		{1FA6AB85-639F-46C2-82BB-93E7D490187C}.Release|x86.Build.0 = Release|Any CPU
		{4833A7EC-8965-4930-B8F5-40EBE7C65CD0}.Ad-Hoc|Any CPU.ActiveCfg = Debug|iPhoneSimulator
		{4833A7EC-8965-4930-B8F5-40EBE7C65CD0}.Ad-Hoc|Any CPU.Build.0 = Debug|iPhoneSimulator
		{4833A7EC-8965-4930-B8F5-40EBE7C65CD0}.Ad-Hoc|ARM.ActiveCfg = Debug|iPhoneSimulator
		{4833A7EC-8965-4930-B8F5-40EBE7C65CD0}.Ad-Hoc|ARM.Build.0 = Debug|iPhoneSimulator
		{4833A7EC-8965-4930-B8F5-40EBE7C65CD0}.Ad-Hoc|ARM64.ActiveCfg = Debug|iPhoneSimulator
		{4833A7EC-8965-4930-B8F5-40EBE7C65CD0}.Ad-Hoc|ARM64.Build.0 = Debug|iPhoneSimulator
		{4833A7EC-8965-4930-B8F5-40EBE7C65CD0}.Ad-Hoc|iPhone.ActiveCfg = Debug|iPhoneSimulator
		{4833A7EC-8965-4930-B8F5-40EBE7C65CD0}.Ad-Hoc|iPhone.Build.0 = Debug|iPhoneSimulator
		{4833A7EC-8965-4930-B8F5-40EBE7C65CD0}.Ad-Hoc|iPhoneSimulator.ActiveCfg = Debug|iPhoneSimulator
		{4833A7EC-8965-4930-B8F5-40EBE7C65CD0}.Ad-Hoc|iPhoneSimulator.Build.0 = Debug|iPhoneSimulator
		{4833A7EC-8965-4930-B8F5-40EBE7C65CD0}.Ad-Hoc|x64.ActiveCfg = Debug|iPhoneSimulator
		{4833A7EC-8965-4930-B8F5-40EBE7C65CD0}.Ad-Hoc|x64.Build.0 = Debug|iPhoneSimulator
		{4833A7EC-8965-4930-B8F5-40EBE7C65CD0}.Ad-Hoc|x86.ActiveCfg = Debug|iPhoneSimulator
		{4833A7EC-8965-4930-B8F5-40EBE7C65CD0}.Ad-Hoc|x86.Build.0 = Debug|iPhoneSimulator
		{4833A7EC-8965-4930-B8F5-40EBE7C65CD0}.AppStore|Any CPU.ActiveCfg = Debug|iPhoneSimulator
		{4833A7EC-8965-4930-B8F5-40EBE7C65CD0}.AppStore|Any CPU.Build.0 = Debug|iPhoneSimulator
		{4833A7EC-8965-4930-B8F5-40EBE7C65CD0}.AppStore|ARM.ActiveCfg = Debug|iPhoneSimulator
		{4833A7EC-8965-4930-B8F5-40EBE7C65CD0}.AppStore|ARM.Build.0 = Debug|iPhoneSimulator
		{4833A7EC-8965-4930-B8F5-40EBE7C65CD0}.AppStore|ARM64.ActiveCfg = Debug|iPhoneSimulator
		{4833A7EC-8965-4930-B8F5-40EBE7C65CD0}.AppStore|ARM64.Build.0 = Debug|iPhoneSimulator
		{4833A7EC-8965-4930-B8F5-40EBE7C65CD0}.AppStore|iPhone.ActiveCfg = Debug|iPhoneSimulator
		{4833A7EC-8965-4930-B8F5-40EBE7C65CD0}.AppStore|iPhone.Build.0 = Debug|iPhoneSimulator
		{4833A7EC-8965-4930-B8F5-40EBE7C65CD0}.AppStore|iPhoneSimulator.ActiveCfg = Debug|iPhoneSimulator
		{4833A7EC-8965-4930-B8F5-40EBE7C65CD0}.AppStore|iPhoneSimulator.Build.0 = Debug|iPhoneSimulator
		{4833A7EC-8965-4930-B8F5-40EBE7C65CD0}.AppStore|x64.ActiveCfg = Debug|iPhoneSimulator
		{4833A7EC-8965-4930-B8F5-40EBE7C65CD0}.AppStore|x64.Build.0 = Debug|iPhoneSimulator
		{4833A7EC-8965-4930-B8F5-40EBE7C65CD0}.AppStore|x86.ActiveCfg = Debug|iPhoneSimulator
		{4833A7EC-8965-4930-B8F5-40EBE7C65CD0}.AppStore|x86.Build.0 = Debug|iPhoneSimulator
		{4833A7EC-8965-4930-B8F5-40EBE7C65CD0}.Debug|Any CPU.ActiveCfg = Debug|iPhoneSimulator
		{4833A7EC-8965-4930-B8F5-40EBE7C65CD0}.Debug|ARM.ActiveCfg = Debug|iPhoneSimulator
		{4833A7EC-8965-4930-B8F5-40EBE7C65CD0}.Debug|ARM64.ActiveCfg = Debug|iPhoneSimulator
		{4833A7EC-8965-4930-B8F5-40EBE7C65CD0}.Debug|iPhone.ActiveCfg = Debug|iPhoneSimulator
		{4833A7EC-8965-4930-B8F5-40EBE7C65CD0}.Debug|iPhoneSimulator.ActiveCfg = Debug|iPhoneSimulator
		{4833A7EC-8965-4930-B8F5-40EBE7C65CD0}.Debug|iPhoneSimulator.Build.0 = Debug|iPhoneSimulator
		{4833A7EC-8965-4930-B8F5-40EBE7C65CD0}.Debug|x64.ActiveCfg = Debug|iPhoneSimulator
		{4833A7EC-8965-4930-B8F5-40EBE7C65CD0}.Debug|x86.ActiveCfg = Debug|iPhoneSimulator
		{4833A7EC-8965-4930-B8F5-40EBE7C65CD0}.Release|Any CPU.ActiveCfg = Release|iPhoneSimulator
		{4833A7EC-8965-4930-B8F5-40EBE7C65CD0}.Release|ARM.ActiveCfg = Release|iPhoneSimulator
		{4833A7EC-8965-4930-B8F5-40EBE7C65CD0}.Release|ARM64.ActiveCfg = Release|iPhoneSimulator
		{4833A7EC-8965-4930-B8F5-40EBE7C65CD0}.Release|iPhone.ActiveCfg = Release|iPhoneSimulator
		{4833A7EC-8965-4930-B8F5-40EBE7C65CD0}.Release|iPhoneSimulator.ActiveCfg = Release|iPhoneSimulator
		{4833A7EC-8965-4930-B8F5-40EBE7C65CD0}.Release|iPhoneSimulator.Build.0 = Release|iPhoneSimulator
		{4833A7EC-8965-4930-B8F5-40EBE7C65CD0}.Release|x64.ActiveCfg = Release|iPhoneSimulator
		{4833A7EC-8965-4930-B8F5-40EBE7C65CD0}.Release|x86.ActiveCfg = Release|iPhoneSimulator
		{632F27CC-96BA-4F29-8B4B-543BDE647E44}.Ad-Hoc|Any CPU.ActiveCfg = Debug|Any CPU
		{632F27CC-96BA-4F29-8B4B-543BDE647E44}.Ad-Hoc|Any CPU.Build.0 = Debug|Any CPU
		{632F27CC-96BA-4F29-8B4B-543BDE647E44}.Ad-Hoc|ARM.ActiveCfg = Debug|Any CPU
		{632F27CC-96BA-4F29-8B4B-543BDE647E44}.Ad-Hoc|ARM.Build.0 = Debug|Any CPU
		{632F27CC-96BA-4F29-8B4B-543BDE647E44}.Ad-Hoc|ARM64.ActiveCfg = Debug|Any CPU
		{632F27CC-96BA-4F29-8B4B-543BDE647E44}.Ad-Hoc|ARM64.Build.0 = Debug|Any CPU
		{632F27CC-96BA-4F29-8B4B-543BDE647E44}.Ad-Hoc|iPhone.ActiveCfg = Debug|Any CPU
		{632F27CC-96BA-4F29-8B4B-543BDE647E44}.Ad-Hoc|iPhone.Build.0 = Debug|Any CPU
		{632F27CC-96BA-4F29-8B4B-543BDE647E44}.Ad-Hoc|iPhoneSimulator.ActiveCfg = Debug|Any CPU
		{632F27CC-96BA-4F29-8B4B-543BDE647E44}.Ad-Hoc|iPhoneSimulator.Build.0 = Debug|Any CPU
		{632F27CC-96BA-4F29-8B4B-543BDE647E44}.Ad-Hoc|x64.ActiveCfg = Debug|Any CPU
		{632F27CC-96BA-4F29-8B4B-543BDE647E44}.Ad-Hoc|x64.Build.0 = Debug|Any CPU
		{632F27CC-96BA-4F29-8B4B-543BDE647E44}.Ad-Hoc|x86.ActiveCfg = Debug|Any CPU
		{632F27CC-96BA-4F29-8B4B-543BDE647E44}.Ad-Hoc|x86.Build.0 = Debug|Any CPU
		{632F27CC-96BA-4F29-8B4B-543BDE647E44}.AppStore|Any CPU.ActiveCfg = Debug|Any CPU
		{632F27CC-96BA-4F29-8B4B-543BDE647E44}.AppStore|Any CPU.Build.0 = Debug|Any CPU
		{632F27CC-96BA-4F29-8B4B-543BDE647E44}.AppStore|ARM.ActiveCfg = Debug|Any CPU
		{632F27CC-96BA-4F29-8B4B-543BDE647E44}.AppStore|ARM.Build.0 = Debug|Any CPU
		{632F27CC-96BA-4F29-8B4B-543BDE647E44}.AppStore|ARM64.ActiveCfg = Debug|Any CPU
		{632F27CC-96BA-4F29-8B4B-543BDE647E44}.AppStore|ARM64.Build.0 = Debug|Any CPU
		{632F27CC-96BA-4F29-8B4B-543BDE647E44}.AppStore|iPhone.ActiveCfg = Debug|Any CPU
		{632F27CC-96BA-4F29-8B4B-543BDE647E44}.AppStore|iPhone.Build.0 = Debug|Any CPU
		{632F27CC-96BA-4F29-8B4B-543BDE647E44}.AppStore|iPhoneSimulator.ActiveCfg = Debug|Any CPU
		{632F27CC-96BA-4F29-8B4B-543BDE647E44}.AppStore|iPhoneSimulator.Build.0 = Debug|Any CPU
		{632F27CC-96BA-4F29-8B4B-543BDE647E44}.AppStore|x64.ActiveCfg = Debug|Any CPU
		{632F27CC-96BA-4F29-8B4B-543BDE647E44}.AppStore|x64.Build.0 = Debug|Any CPU
		{632F27CC-96BA-4F29-8B4B-543BDE647E44}.AppStore|x86.ActiveCfg = Debug|Any CPU
		{632F27CC-96BA-4F29-8B4B-543BDE647E44}.AppStore|x86.Build.0 = Debug|Any CPU
		{632F27CC-96BA-4F29-8B4B-543BDE647E44}.Debug|Any CPU.ActiveCfg = Debug|Any CPU
		{632F27CC-96BA-4F29-8B4B-543BDE647E44}.Debug|Any CPU.Build.0 = Debug|Any CPU
		{632F27CC-96BA-4F29-8B4B-543BDE647E44}.Debug|ARM.ActiveCfg = Debug|Any CPU
		{632F27CC-96BA-4F29-8B4B-543BDE647E44}.Debug|ARM.Build.0 = Debug|Any CPU
		{632F27CC-96BA-4F29-8B4B-543BDE647E44}.Debug|ARM64.ActiveCfg = Debug|Any CPU
		{632F27CC-96BA-4F29-8B4B-543BDE647E44}.Debug|ARM64.Build.0 = Debug|Any CPU
		{632F27CC-96BA-4F29-8B4B-543BDE647E44}.Debug|iPhone.ActiveCfg = Debug|Any CPU
		{632F27CC-96BA-4F29-8B4B-543BDE647E44}.Debug|iPhone.Build.0 = Debug|Any CPU
		{632F27CC-96BA-4F29-8B4B-543BDE647E44}.Debug|iPhoneSimulator.ActiveCfg = Debug|Any CPU
		{632F27CC-96BA-4F29-8B4B-543BDE647E44}.Debug|iPhoneSimulator.Build.0 = Debug|Any CPU
		{632F27CC-96BA-4F29-8B4B-543BDE647E44}.Debug|x64.ActiveCfg = Debug|Any CPU
		{632F27CC-96BA-4F29-8B4B-543BDE647E44}.Debug|x64.Build.0 = Debug|Any CPU
		{632F27CC-96BA-4F29-8B4B-543BDE647E44}.Debug|x86.ActiveCfg = Debug|Any CPU
		{632F27CC-96BA-4F29-8B4B-543BDE647E44}.Debug|x86.Build.0 = Debug|Any CPU
		{632F27CC-96BA-4F29-8B4B-543BDE647E44}.Release|Any CPU.ActiveCfg = Release|Any CPU
		{632F27CC-96BA-4F29-8B4B-543BDE647E44}.Release|Any CPU.Build.0 = Release|Any CPU
		{632F27CC-96BA-4F29-8B4B-543BDE647E44}.Release|ARM.ActiveCfg = Release|Any CPU
		{632F27CC-96BA-4F29-8B4B-543BDE647E44}.Release|ARM.Build.0 = Release|Any CPU
		{632F27CC-96BA-4F29-8B4B-543BDE647E44}.Release|ARM64.ActiveCfg = Release|Any CPU
		{632F27CC-96BA-4F29-8B4B-543BDE647E44}.Release|ARM64.Build.0 = Release|Any CPU
		{632F27CC-96BA-4F29-8B4B-543BDE647E44}.Release|iPhone.ActiveCfg = Release|Any CPU
		{632F27CC-96BA-4F29-8B4B-543BDE647E44}.Release|iPhone.Build.0 = Release|Any CPU
		{632F27CC-96BA-4F29-8B4B-543BDE647E44}.Release|iPhoneSimulator.ActiveCfg = Release|Any CPU
		{632F27CC-96BA-4F29-8B4B-543BDE647E44}.Release|iPhoneSimulator.Build.0 = Release|Any CPU
		{632F27CC-96BA-4F29-8B4B-543BDE647E44}.Release|x64.ActiveCfg = Release|Any CPU
		{632F27CC-96BA-4F29-8B4B-543BDE647E44}.Release|x64.Build.0 = Release|Any CPU
		{632F27CC-96BA-4F29-8B4B-543BDE647E44}.Release|x86.ActiveCfg = Release|Any CPU
		{632F27CC-96BA-4F29-8B4B-543BDE647E44}.Release|x86.Build.0 = Release|Any CPU
		{880ED8EA-D7C4-4111-A3D2-51709CB8CBAF}.Ad-Hoc|Any CPU.ActiveCfg = Debug|Any CPU
		{880ED8EA-D7C4-4111-A3D2-51709CB8CBAF}.Ad-Hoc|Any CPU.Build.0 = Debug|Any CPU
		{880ED8EA-D7C4-4111-A3D2-51709CB8CBAF}.Ad-Hoc|ARM.ActiveCfg = Debug|Any CPU
		{880ED8EA-D7C4-4111-A3D2-51709CB8CBAF}.Ad-Hoc|ARM.Build.0 = Debug|Any CPU
		{880ED8EA-D7C4-4111-A3D2-51709CB8CBAF}.Ad-Hoc|ARM64.ActiveCfg = Debug|Any CPU
		{880ED8EA-D7C4-4111-A3D2-51709CB8CBAF}.Ad-Hoc|ARM64.Build.0 = Debug|Any CPU
		{880ED8EA-D7C4-4111-A3D2-51709CB8CBAF}.Ad-Hoc|iPhone.ActiveCfg = Debug|Any CPU
		{880ED8EA-D7C4-4111-A3D2-51709CB8CBAF}.Ad-Hoc|iPhone.Build.0 = Debug|Any CPU
		{880ED8EA-D7C4-4111-A3D2-51709CB8CBAF}.Ad-Hoc|iPhoneSimulator.ActiveCfg = Debug|Any CPU
		{880ED8EA-D7C4-4111-A3D2-51709CB8CBAF}.Ad-Hoc|iPhoneSimulator.Build.0 = Debug|Any CPU
		{880ED8EA-D7C4-4111-A3D2-51709CB8CBAF}.Ad-Hoc|x64.ActiveCfg = Debug|Any CPU
		{880ED8EA-D7C4-4111-A3D2-51709CB8CBAF}.Ad-Hoc|x64.Build.0 = Debug|Any CPU
		{880ED8EA-D7C4-4111-A3D2-51709CB8CBAF}.Ad-Hoc|x86.ActiveCfg = Debug|Any CPU
		{880ED8EA-D7C4-4111-A3D2-51709CB8CBAF}.Ad-Hoc|x86.Build.0 = Debug|Any CPU
		{880ED8EA-D7C4-4111-A3D2-51709CB8CBAF}.AppStore|Any CPU.ActiveCfg = Debug|Any CPU
		{880ED8EA-D7C4-4111-A3D2-51709CB8CBAF}.AppStore|Any CPU.Build.0 = Debug|Any CPU
		{880ED8EA-D7C4-4111-A3D2-51709CB8CBAF}.AppStore|ARM.ActiveCfg = Debug|Any CPU
		{880ED8EA-D7C4-4111-A3D2-51709CB8CBAF}.AppStore|ARM.Build.0 = Debug|Any CPU
		{880ED8EA-D7C4-4111-A3D2-51709CB8CBAF}.AppStore|ARM64.ActiveCfg = Debug|Any CPU
		{880ED8EA-D7C4-4111-A3D2-51709CB8CBAF}.AppStore|ARM64.Build.0 = Debug|Any CPU
		{880ED8EA-D7C4-4111-A3D2-51709CB8CBAF}.AppStore|iPhone.ActiveCfg = Debug|Any CPU
		{880ED8EA-D7C4-4111-A3D2-51709CB8CBAF}.AppStore|iPhone.Build.0 = Debug|Any CPU
		{880ED8EA-D7C4-4111-A3D2-51709CB8CBAF}.AppStore|iPhoneSimulator.ActiveCfg = Debug|Any CPU
		{880ED8EA-D7C4-4111-A3D2-51709CB8CBAF}.AppStore|iPhoneSimulator.Build.0 = Debug|Any CPU
		{880ED8EA-D7C4-4111-A3D2-51709CB8CBAF}.AppStore|x64.ActiveCfg = Debug|Any CPU
		{880ED8EA-D7C4-4111-A3D2-51709CB8CBAF}.AppStore|x64.Build.0 = Debug|Any CPU
		{880ED8EA-D7C4-4111-A3D2-51709CB8CBAF}.AppStore|x86.ActiveCfg = Debug|Any CPU
		{880ED8EA-D7C4-4111-A3D2-51709CB8CBAF}.AppStore|x86.Build.0 = Debug|Any CPU
		{880ED8EA-D7C4-4111-A3D2-51709CB8CBAF}.Debug|Any CPU.ActiveCfg = Debug|Any CPU
		{880ED8EA-D7C4-4111-A3D2-51709CB8CBAF}.Debug|Any CPU.Build.0 = Debug|Any CPU
		{880ED8EA-D7C4-4111-A3D2-51709CB8CBAF}.Debug|ARM.ActiveCfg = Debug|Any CPU
		{880ED8EA-D7C4-4111-A3D2-51709CB8CBAF}.Debug|ARM.Build.0 = Debug|Any CPU
		{880ED8EA-D7C4-4111-A3D2-51709CB8CBAF}.Debug|ARM64.ActiveCfg = Debug|Any CPU
		{880ED8EA-D7C4-4111-A3D2-51709CB8CBAF}.Debug|ARM64.Build.0 = Debug|Any CPU
		{880ED8EA-D7C4-4111-A3D2-51709CB8CBAF}.Debug|iPhone.ActiveCfg = Debug|Any CPU
		{880ED8EA-D7C4-4111-A3D2-51709CB8CBAF}.Debug|iPhone.Build.0 = Debug|Any CPU
		{880ED8EA-D7C4-4111-A3D2-51709CB8CBAF}.Debug|iPhoneSimulator.ActiveCfg = Debug|Any CPU
		{880ED8EA-D7C4-4111-A3D2-51709CB8CBAF}.Debug|iPhoneSimulator.Build.0 = Debug|Any CPU
		{880ED8EA-D7C4-4111-A3D2-51709CB8CBAF}.Debug|x64.ActiveCfg = Debug|Any CPU
		{880ED8EA-D7C4-4111-A3D2-51709CB8CBAF}.Debug|x64.Build.0 = Debug|Any CPU
		{880ED8EA-D7C4-4111-A3D2-51709CB8CBAF}.Debug|x86.ActiveCfg = Debug|Any CPU
		{880ED8EA-D7C4-4111-A3D2-51709CB8CBAF}.Debug|x86.Build.0 = Debug|Any CPU
		{880ED8EA-D7C4-4111-A3D2-51709CB8CBAF}.Release|Any CPU.ActiveCfg = Release|Any CPU
		{880ED8EA-D7C4-4111-A3D2-51709CB8CBAF}.Release|Any CPU.Build.0 = Release|Any CPU
		{880ED8EA-D7C4-4111-A3D2-51709CB8CBAF}.Release|ARM.ActiveCfg = Release|Any CPU
		{880ED8EA-D7C4-4111-A3D2-51709CB8CBAF}.Release|ARM.Build.0 = Release|Any CPU
		{880ED8EA-D7C4-4111-A3D2-51709CB8CBAF}.Release|ARM64.ActiveCfg = Release|Any CPU
		{880ED8EA-D7C4-4111-A3D2-51709CB8CBAF}.Release|ARM64.Build.0 = Release|Any CPU
		{880ED8EA-D7C4-4111-A3D2-51709CB8CBAF}.Release|iPhone.ActiveCfg = Release|Any CPU
		{880ED8EA-D7C4-4111-A3D2-51709CB8CBAF}.Release|iPhone.Build.0 = Release|Any CPU
		{880ED8EA-D7C4-4111-A3D2-51709CB8CBAF}.Release|iPhoneSimulator.ActiveCfg = Release|Any CPU
		{880ED8EA-D7C4-4111-A3D2-51709CB8CBAF}.Release|iPhoneSimulator.Build.0 = Release|Any CPU
		{880ED8EA-D7C4-4111-A3D2-51709CB8CBAF}.Release|x64.ActiveCfg = Release|Any CPU
		{880ED8EA-D7C4-4111-A3D2-51709CB8CBAF}.Release|x64.Build.0 = Release|Any CPU
		{880ED8EA-D7C4-4111-A3D2-51709CB8CBAF}.Release|x86.ActiveCfg = Release|Any CPU
		{880ED8EA-D7C4-4111-A3D2-51709CB8CBAF}.Release|x86.Build.0 = Release|Any CPU
		{A16A9F72-5EE7-4354-94A9-A8010146348C}.Ad-Hoc|Any CPU.ActiveCfg = Debug|Any CPU
		{A16A9F72-5EE7-4354-94A9-A8010146348C}.Ad-Hoc|Any CPU.Build.0 = Debug|Any CPU
		{A16A9F72-5EE7-4354-94A9-A8010146348C}.Ad-Hoc|ARM.ActiveCfg = Debug|Any CPU
		{A16A9F72-5EE7-4354-94A9-A8010146348C}.Ad-Hoc|ARM.Build.0 = Debug|Any CPU
		{A16A9F72-5EE7-4354-94A9-A8010146348C}.Ad-Hoc|ARM64.ActiveCfg = Debug|Any CPU
		{A16A9F72-5EE7-4354-94A9-A8010146348C}.Ad-Hoc|ARM64.Build.0 = Debug|Any CPU
		{A16A9F72-5EE7-4354-94A9-A8010146348C}.Ad-Hoc|iPhone.ActiveCfg = Debug|Any CPU
		{A16A9F72-5EE7-4354-94A9-A8010146348C}.Ad-Hoc|iPhone.Build.0 = Debug|Any CPU
		{A16A9F72-5EE7-4354-94A9-A8010146348C}.Ad-Hoc|iPhoneSimulator.ActiveCfg = Debug|Any CPU
		{A16A9F72-5EE7-4354-94A9-A8010146348C}.Ad-Hoc|iPhoneSimulator.Build.0 = Debug|Any CPU
		{A16A9F72-5EE7-4354-94A9-A8010146348C}.Ad-Hoc|x64.ActiveCfg = Debug|Any CPU
		{A16A9F72-5EE7-4354-94A9-A8010146348C}.Ad-Hoc|x64.Build.0 = Debug|Any CPU
		{A16A9F72-5EE7-4354-94A9-A8010146348C}.Ad-Hoc|x86.ActiveCfg = Debug|Any CPU
		{A16A9F72-5EE7-4354-94A9-A8010146348C}.Ad-Hoc|x86.Build.0 = Debug|Any CPU
		{A16A9F72-5EE7-4354-94A9-A8010146348C}.AppStore|Any CPU.ActiveCfg = Debug|Any CPU
		{A16A9F72-5EE7-4354-94A9-A8010146348C}.AppStore|Any CPU.Build.0 = Debug|Any CPU
		{A16A9F72-5EE7-4354-94A9-A8010146348C}.AppStore|ARM.ActiveCfg = Debug|Any CPU
		{A16A9F72-5EE7-4354-94A9-A8010146348C}.AppStore|ARM.Build.0 = Debug|Any CPU
		{A16A9F72-5EE7-4354-94A9-A8010146348C}.AppStore|ARM64.ActiveCfg = Debug|Any CPU
		{A16A9F72-5EE7-4354-94A9-A8010146348C}.AppStore|ARM64.Build.0 = Debug|Any CPU
		{A16A9F72-5EE7-4354-94A9-A8010146348C}.AppStore|iPhone.ActiveCfg = Debug|Any CPU
		{A16A9F72-5EE7-4354-94A9-A8010146348C}.AppStore|iPhone.Build.0 = Debug|Any CPU
		{A16A9F72-5EE7-4354-94A9-A8010146348C}.AppStore|iPhoneSimulator.ActiveCfg = Debug|Any CPU
		{A16A9F72-5EE7-4354-94A9-A8010146348C}.AppStore|iPhoneSimulator.Build.0 = Debug|Any CPU
		{A16A9F72-5EE7-4354-94A9-A8010146348C}.AppStore|x64.ActiveCfg = Debug|Any CPU
		{A16A9F72-5EE7-4354-94A9-A8010146348C}.AppStore|x64.Build.0 = Debug|Any CPU
		{A16A9F72-5EE7-4354-94A9-A8010146348C}.AppStore|x86.ActiveCfg = Debug|Any CPU
		{A16A9F72-5EE7-4354-94A9-A8010146348C}.AppStore|x86.Build.0 = Debug|Any CPU
		{A16A9F72-5EE7-4354-94A9-A8010146348C}.Debug|Any CPU.ActiveCfg = Debug|Any CPU
		{A16A9F72-5EE7-4354-94A9-A8010146348C}.Debug|Any CPU.Build.0 = Debug|Any CPU
		{A16A9F72-5EE7-4354-94A9-A8010146348C}.Debug|ARM.ActiveCfg = Debug|Any CPU
		{A16A9F72-5EE7-4354-94A9-A8010146348C}.Debug|ARM.Build.0 = Debug|Any CPU
		{A16A9F72-5EE7-4354-94A9-A8010146348C}.Debug|ARM64.ActiveCfg = Debug|Any CPU
		{A16A9F72-5EE7-4354-94A9-A8010146348C}.Debug|ARM64.Build.0 = Debug|Any CPU
		{A16A9F72-5EE7-4354-94A9-A8010146348C}.Debug|iPhone.ActiveCfg = Debug|Any CPU
		{A16A9F72-5EE7-4354-94A9-A8010146348C}.Debug|iPhone.Build.0 = Debug|Any CPU
		{A16A9F72-5EE7-4354-94A9-A8010146348C}.Debug|iPhoneSimulator.ActiveCfg = Debug|Any CPU
		{A16A9F72-5EE7-4354-94A9-A8010146348C}.Debug|iPhoneSimulator.Build.0 = Debug|Any CPU
		{A16A9F72-5EE7-4354-94A9-A8010146348C}.Debug|x64.ActiveCfg = Debug|Any CPU
		{A16A9F72-5EE7-4354-94A9-A8010146348C}.Debug|x64.Build.0 = Debug|Any CPU
		{A16A9F72-5EE7-4354-94A9-A8010146348C}.Debug|x86.ActiveCfg = Debug|Any CPU
		{A16A9F72-5EE7-4354-94A9-A8010146348C}.Debug|x86.Build.0 = Debug|Any CPU
		{A16A9F72-5EE7-4354-94A9-A8010146348C}.Release|Any CPU.ActiveCfg = Release|Any CPU
		{A16A9F72-5EE7-4354-94A9-A8010146348C}.Release|Any CPU.Build.0 = Release|Any CPU
		{A16A9F72-5EE7-4354-94A9-A8010146348C}.Release|ARM.ActiveCfg = Release|Any CPU
		{A16A9F72-5EE7-4354-94A9-A8010146348C}.Release|ARM.Build.0 = Release|Any CPU
		{A16A9F72-5EE7-4354-94A9-A8010146348C}.Release|ARM64.ActiveCfg = Release|Any CPU
		{A16A9F72-5EE7-4354-94A9-A8010146348C}.Release|ARM64.Build.0 = Release|Any CPU
		{A16A9F72-5EE7-4354-94A9-A8010146348C}.Release|iPhone.ActiveCfg = Release|Any CPU
		{A16A9F72-5EE7-4354-94A9-A8010146348C}.Release|iPhone.Build.0 = Release|Any CPU
		{A16A9F72-5EE7-4354-94A9-A8010146348C}.Release|iPhoneSimulator.ActiveCfg = Release|Any CPU
		{A16A9F72-5EE7-4354-94A9-A8010146348C}.Release|iPhoneSimulator.Build.0 = Release|Any CPU
		{A16A9F72-5EE7-4354-94A9-A8010146348C}.Release|x64.ActiveCfg = Release|Any CPU
		{A16A9F72-5EE7-4354-94A9-A8010146348C}.Release|x64.Build.0 = Release|Any CPU
		{A16A9F72-5EE7-4354-94A9-A8010146348C}.Release|x86.ActiveCfg = Release|Any CPU
		{A16A9F72-5EE7-4354-94A9-A8010146348C}.Release|x86.Build.0 = Release|Any CPU
		{7FC2A807-282F-4B2E-A8CE-C3F3433F802D}.Ad-Hoc|Any CPU.ActiveCfg = Debug|Any CPU
		{7FC2A807-282F-4B2E-A8CE-C3F3433F802D}.Ad-Hoc|Any CPU.Build.0 = Debug|Any CPU
		{7FC2A807-282F-4B2E-A8CE-C3F3433F802D}.Ad-Hoc|ARM.ActiveCfg = Debug|Any CPU
		{7FC2A807-282F-4B2E-A8CE-C3F3433F802D}.Ad-Hoc|ARM.Build.0 = Debug|Any CPU
		{7FC2A807-282F-4B2E-A8CE-C3F3433F802D}.Ad-Hoc|ARM64.ActiveCfg = Debug|Any CPU
		{7FC2A807-282F-4B2E-A8CE-C3F3433F802D}.Ad-Hoc|ARM64.Build.0 = Debug|Any CPU
		{7FC2A807-282F-4B2E-A8CE-C3F3433F802D}.Ad-Hoc|iPhone.ActiveCfg = Debug|Any CPU
		{7FC2A807-282F-4B2E-A8CE-C3F3433F802D}.Ad-Hoc|iPhone.Build.0 = Debug|Any CPU
		{7FC2A807-282F-4B2E-A8CE-C3F3433F802D}.Ad-Hoc|iPhoneSimulator.ActiveCfg = Debug|Any CPU
		{7FC2A807-282F-4B2E-A8CE-C3F3433F802D}.Ad-Hoc|iPhoneSimulator.Build.0 = Debug|Any CPU
		{7FC2A807-282F-4B2E-A8CE-C3F3433F802D}.Ad-Hoc|x64.ActiveCfg = Debug|Any CPU
		{7FC2A807-282F-4B2E-A8CE-C3F3433F802D}.Ad-Hoc|x64.Build.0 = Debug|Any CPU
		{7FC2A807-282F-4B2E-A8CE-C3F3433F802D}.Ad-Hoc|x86.ActiveCfg = Debug|Any CPU
		{7FC2A807-282F-4B2E-A8CE-C3F3433F802D}.Ad-Hoc|x86.Build.0 = Debug|Any CPU
		{7FC2A807-282F-4B2E-A8CE-C3F3433F802D}.AppStore|Any CPU.ActiveCfg = Debug|Any CPU
		{7FC2A807-282F-4B2E-A8CE-C3F3433F802D}.AppStore|Any CPU.Build.0 = Debug|Any CPU
		{7FC2A807-282F-4B2E-A8CE-C3F3433F802D}.AppStore|ARM.ActiveCfg = Debug|Any CPU
		{7FC2A807-282F-4B2E-A8CE-C3F3433F802D}.AppStore|ARM.Build.0 = Debug|Any CPU
		{7FC2A807-282F-4B2E-A8CE-C3F3433F802D}.AppStore|ARM64.ActiveCfg = Debug|Any CPU
		{7FC2A807-282F-4B2E-A8CE-C3F3433F802D}.AppStore|ARM64.Build.0 = Debug|Any CPU
		{7FC2A807-282F-4B2E-A8CE-C3F3433F802D}.AppStore|iPhone.ActiveCfg = Debug|Any CPU
		{7FC2A807-282F-4B2E-A8CE-C3F3433F802D}.AppStore|iPhone.Build.0 = Debug|Any CPU
		{7FC2A807-282F-4B2E-A8CE-C3F3433F802D}.AppStore|iPhoneSimulator.ActiveCfg = Debug|Any CPU
		{7FC2A807-282F-4B2E-A8CE-C3F3433F802D}.AppStore|iPhoneSimulator.Build.0 = Debug|Any CPU
		{7FC2A807-282F-4B2E-A8CE-C3F3433F802D}.AppStore|x64.ActiveCfg = Debug|Any CPU
		{7FC2A807-282F-4B2E-A8CE-C3F3433F802D}.AppStore|x64.Build.0 = Debug|Any CPU
		{7FC2A807-282F-4B2E-A8CE-C3F3433F802D}.AppStore|x86.ActiveCfg = Debug|Any CPU
		{7FC2A807-282F-4B2E-A8CE-C3F3433F802D}.AppStore|x86.Build.0 = Debug|Any CPU
		{7FC2A807-282F-4B2E-A8CE-C3F3433F802D}.Debug|Any CPU.ActiveCfg = Debug|Any CPU
		{7FC2A807-282F-4B2E-A8CE-C3F3433F802D}.Debug|Any CPU.Build.0 = Debug|Any CPU
		{7FC2A807-282F-4B2E-A8CE-C3F3433F802D}.Debug|ARM.ActiveCfg = Debug|Any CPU
		{7FC2A807-282F-4B2E-A8CE-C3F3433F802D}.Debug|ARM.Build.0 = Debug|Any CPU
		{7FC2A807-282F-4B2E-A8CE-C3F3433F802D}.Debug|ARM64.ActiveCfg = Debug|Any CPU
		{7FC2A807-282F-4B2E-A8CE-C3F3433F802D}.Debug|ARM64.Build.0 = Debug|Any CPU
		{7FC2A807-282F-4B2E-A8CE-C3F3433F802D}.Debug|iPhone.ActiveCfg = Debug|Any CPU
		{7FC2A807-282F-4B2E-A8CE-C3F3433F802D}.Debug|iPhone.Build.0 = Debug|Any CPU
		{7FC2A807-282F-4B2E-A8CE-C3F3433F802D}.Debug|iPhoneSimulator.ActiveCfg = Debug|Any CPU
		{7FC2A807-282F-4B2E-A8CE-C3F3433F802D}.Debug|iPhoneSimulator.Build.0 = Debug|Any CPU
		{7FC2A807-282F-4B2E-A8CE-C3F3433F802D}.Debug|x64.ActiveCfg = Debug|Any CPU
		{7FC2A807-282F-4B2E-A8CE-C3F3433F802D}.Debug|x64.Build.0 = Debug|Any CPU
		{7FC2A807-282F-4B2E-A8CE-C3F3433F802D}.Debug|x86.ActiveCfg = Debug|Any CPU
		{7FC2A807-282F-4B2E-A8CE-C3F3433F802D}.Debug|x86.Build.0 = Debug|Any CPU
		{7FC2A807-282F-4B2E-A8CE-C3F3433F802D}.Release|Any CPU.ActiveCfg = Release|Any CPU
		{7FC2A807-282F-4B2E-A8CE-C3F3433F802D}.Release|Any CPU.Build.0 = Release|Any CPU
		{7FC2A807-282F-4B2E-A8CE-C3F3433F802D}.Release|ARM.ActiveCfg = Release|Any CPU
		{7FC2A807-282F-4B2E-A8CE-C3F3433F802D}.Release|ARM.Build.0 = Release|Any CPU
		{7FC2A807-282F-4B2E-A8CE-C3F3433F802D}.Release|ARM64.ActiveCfg = Release|Any CPU
		{7FC2A807-282F-4B2E-A8CE-C3F3433F802D}.Release|ARM64.Build.0 = Release|Any CPU
		{7FC2A807-282F-4B2E-A8CE-C3F3433F802D}.Release|iPhone.ActiveCfg = Release|Any CPU
		{7FC2A807-282F-4B2E-A8CE-C3F3433F802D}.Release|iPhone.Build.0 = Release|Any CPU
		{7FC2A807-282F-4B2E-A8CE-C3F3433F802D}.Release|iPhoneSimulator.ActiveCfg = Release|Any CPU
		{7FC2A807-282F-4B2E-A8CE-C3F3433F802D}.Release|iPhoneSimulator.Build.0 = Release|Any CPU
		{7FC2A807-282F-4B2E-A8CE-C3F3433F802D}.Release|x64.ActiveCfg = Release|Any CPU
		{7FC2A807-282F-4B2E-A8CE-C3F3433F802D}.Release|x64.Build.0 = Release|Any CPU
		{7FC2A807-282F-4B2E-A8CE-C3F3433F802D}.Release|x86.ActiveCfg = Release|Any CPU
		{7FC2A807-282F-4B2E-A8CE-C3F3433F802D}.Release|x86.Build.0 = Release|Any CPU
	EndGlobalSection
	GlobalSection(SolutionProperties) = preSolution
		HideSolutionNode = FALSE
	EndGlobalSection
	GlobalSection(NestedProjects) = preSolution
		{CD16AB31-B668-4700-9F6C-EBDC7CDF8328} = {044E209D-0617-48CA-AC11-BC3DB52C68D1}
		{53AA6D26-B220-43D2-9D39-4BBD37547E9B} = {044E209D-0617-48CA-AC11-BC3DB52C68D1}
		{004C84F1-1705-4F18-AAF7-F9FB225689F6} = {044E209D-0617-48CA-AC11-BC3DB52C68D1}
		{1FA6AB85-639F-46C2-82BB-93E7D490187C} = {044E209D-0617-48CA-AC11-BC3DB52C68D1}
		{4833A7EC-8965-4930-B8F5-40EBE7C65CD0} = {044E209D-0617-48CA-AC11-BC3DB52C68D1}
		{632F27CC-96BA-4F29-8B4B-543BDE647E44} = {044E209D-0617-48CA-AC11-BC3DB52C68D1}
		{880ED8EA-D7C4-4111-A3D2-51709CB8CBAF} = {044E209D-0617-48CA-AC11-BC3DB52C68D1}
		{A16A9F72-5EE7-4354-94A9-A8010146348C} = {044E209D-0617-48CA-AC11-BC3DB52C68D1}
	EndGlobalSection
	GlobalSection(ExtensibilityGlobals) = postSolution
		SolutionGuid = {7AB27819-04E8-4207-803A-661FE66E18CE}
	EndGlobalSection
EndGlobal
